// !$*UTF8*$!
{
	archiveVersion = 1;
	classes = {
	};
	objectVersion = 56;
	objects = {

/* Begin PBXBuildFile section */
		D69F3CD82B686A0F009330A6 /* AppDelegate.swift in Sources */ = {isa = PBXBuildFile; fileRef = D69F3CD72B686A0F009330A6 /* AppDelegate.swift */; };
		D69F3CDA2B686A0F009330A6 /* SceneDelegate.swift in Sources */ = {isa = PBXBuildFile; fileRef = D69F3CD92B686A0F009330A6 /* SceneDelegate.swift */; };
		D69F3CDC2B686A0F009330A6 /* ViewController.swift in Sources */ = {isa = PBXBuildFile; fileRef = D69F3CDB2B686A0F009330A6 /* ViewController.swift */; };
		D69F3CDF2B686A0F009330A6 /* Main.storyboard in Resources */ = {isa = PBXBuildFile; fileRef = D69F3CDD2B686A0F009330A6 /* Main.storyboard */; };
		D69F3CE12B686A11009330A6 /* Assets.xcassets in Resources */ = {isa = PBXBuildFile; fileRef = D69F3CE02B686A11009330A6 /* Assets.xcassets */; };
		D69F3CE42B686A11009330A6 /* LaunchScreen.storyboard in Resources */ = {isa = PBXBuildFile; fileRef = D69F3CE22B686A11009330A6 /* LaunchScreen.storyboard */; };
		D69F3CEF2B686A11009330A6 /* CarDemoTests.swift in Sources */ = {isa = PBXBuildFile; fileRef = D69F3CEE2B686A11009330A6 /* CarDemoTests.swift */; };
		D69F3CF92B686A11009330A6 /* CarDemoUITests.swift in Sources */ = {isa = PBXBuildFile; fileRef = D69F3CF82B686A11009330A6 /* CarDemoUITests.swift */; };
		D69F3CFB2B686A11009330A6 /* CarDemoUITestsLaunchTests.swift in Sources */ = {isa = PBXBuildFile; fileRef = D69F3CFA2B686A11009330A6 /* CarDemoUITestsLaunchTests.swift */; };
		D69F3D082B686A4D009330A6 /* CarDemoSceneDelegate.swift in Sources */ = {isa = PBXBuildFile; fileRef = D69F3D072B686A4D009330A6 /* CarDemoSceneDelegate.swift */; };
/* End PBXBuildFile section */

/* Begin PBXContainerItemProxy section */
		D69F3CEB2B686A11009330A6 /* PBXContainerItemProxy */ = {
			isa = PBXContainerItemProxy;
			containerPortal = D69F3CCC2B686A0F009330A6 /* Project object */;
			proxyType = 1;
			remoteGlobalIDString = D69F3CD32B686A0F009330A6;
			remoteInfo = CarDemo;
		};
		D69F3CF52B686A11009330A6 /* PBXContainerItemProxy */ = {
			isa = PBXContainerItemProxy;
			containerPortal = D69F3CCC2B686A0F009330A6 /* Project object */;
			proxyType = 1;
			remoteGlobalIDString = D69F3CD32B686A0F009330A6;
			remoteInfo = CarDemo;
		};
/* End PBXContainerItemProxy section */

/* Begin PBXFileReference section */
		D69F3CD42B686A0F009330A6 /* CarDemo.app */ = {isa = PBXFileReference; explicitFileType = wrapper.application; includeInIndex = 0; path = CarDemo.app; sourceTree = BUILT_PRODUCTS_DIR; };
		D69F3CD72B686A0F009330A6 /* AppDelegate.swift */ = {isa = PBXFileReference; lastKnownFileType = sourcecode.swift; path = AppDelegate.swift; sourceTree = "<group>"; };
		D69F3CD92B686A0F009330A6 /* SceneDelegate.swift */ = {isa = PBXFileReference; lastKnownFileType = sourcecode.swift; path = SceneDelegate.swift; sourceTree = "<group>"; };
		D69F3CDB2B686A0F009330A6 /* ViewController.swift */ = {isa = PBXFileReference; lastKnownFileType = sourcecode.swift; path = ViewController.swift; sourceTree = "<group>"; };
		D69F3CDE2B686A0F009330A6 /* Base */ = {isa = PBXFileReference; lastKnownFileType = file.storyboard; name = Base; path = Base.lproj/Main.storyboard; sourceTree = "<group>"; };
		D69F3CE02B686A11009330A6 /* Assets.xcassets */ = {isa = PBXFileReference; lastKnownFileType = folder.assetcatalog; path = Assets.xcassets; sourceTree = "<group>"; };
		D69F3CE32B686A11009330A6 /* Base */ = {isa = PBXFileReference; lastKnownFileType = file.storyboard; name = Base; path = Base.lproj/LaunchScreen.storyboard; sourceTree = "<group>"; };
		D69F3CE52B686A11009330A6 /* Info.plist */ = {isa = PBXFileReference; lastKnownFileType = text.plist.xml; path = Info.plist; sourceTree = "<group>"; };
		D69F3CEA2B686A11009330A6 /* CarDemoTests.xctest */ = {isa = PBXFileReference; explicitFileType = wrapper.cfbundle; includeInIndex = 0; path = CarDemoTests.xctest; sourceTree = BUILT_PRODUCTS_DIR; };
		D69F3CEE2B686A11009330A6 /* CarDemoTests.swift */ = {isa = PBXFileReference; lastKnownFileType = sourcecode.swift; path = CarDemoTests.swift; sourceTree = "<group>"; };
		D69F3CF42B686A11009330A6 /* CarDemoUITests.xctest */ = {isa = PBXFileReference; explicitFileType = wrapper.cfbundle; includeInIndex = 0; path = CarDemoUITests.xctest; sourceTree = BUILT_PRODUCTS_DIR; };
		D69F3CF82B686A11009330A6 /* CarDemoUITests.swift */ = {isa = PBXFileReference; lastKnownFileType = sourcecode.swift; path = CarDemoUITests.swift; sourceTree = "<group>"; };
		D69F3CFA2B686A11009330A6 /* CarDemoUITestsLaunchTests.swift */ = {isa = PBXFileReference; lastKnownFileType = sourcecode.swift; path = CarDemoUITestsLaunchTests.swift; sourceTree = "<group>"; };
		D69F3D072B686A4D009330A6 /* CarDemoSceneDelegate.swift */ = {isa = PBXFileReference; lastKnownFileType = sourcecode.swift; path = CarDemoSceneDelegate.swift; sourceTree = "<group>"; };
		D69F3D0B2B686BF5009330A6 /* CarDemo.entitlements */ = {isa = PBXFileReference; fileEncoding = 4; lastKnownFileType = text.plist.entitlements; path = CarDemo.entitlements; sourceTree = "<group>"; };
/* End PBXFileReference section */

/* Begin PBXFrameworksBuildPhase section */
		D69F3CD12B686A0F009330A6 /* Frameworks */ = {
			isa = PBXFrameworksBuildPhase;
			buildActionMask = 2147483647;
			files = (
			);
			runOnlyForDeploymentPostprocessing = 0;
		};
		D69F3CE72B686A11009330A6 /* Frameworks */ = {
			isa = PBXFrameworksBuildPhase;
			buildActionMask = 2147483647;
			files = (
			);
			runOnlyForDeploymentPostprocessing = 0;
		};
		D69F3CF12B686A11009330A6 /* Frameworks */ = {
			isa = PBXFrameworksBuildPhase;
			buildActionMask = 2147483647;
			files = (
			);
			runOnlyForDeploymentPostprocessing = 0;
		};
/* End PBXFrameworksBuildPhase section */

/* Begin PBXGroup section */
		D69F3CCB2B686A0F009330A6 = {
			isa = PBXGroup;
			children = (
				D69F3CD62B686A0F009330A6 /* CarDemo */,
				D69F3CED2B686A11009330A6 /* CarDemoTests */,
				D69F3CF72B686A11009330A6 /* CarDemoUITests */,
				D69F3CD52B686A0F009330A6 /* Products */,
			);
			sourceTree = "<group>";
		};
		D69F3CD52B686A0F009330A6 /* Products */ = {
			isa = PBXGroup;
			children = (
				D69F3CD42B686A0F009330A6 /* CarDemo.app */,
				D69F3CEA2B686A11009330A6 /* CarDemoTests.xctest */,
				D69F3CF42B686A11009330A6 /* CarDemoUITests.xctest */,
			);
			name = Products;
			sourceTree = "<group>";
		};
		D69F3CD62B686A0F009330A6 /* CarDemo */ = {
			isa = PBXGroup;
			children = (
				D69F3D0B2B686BF5009330A6 /* CarDemo.entitlements */,
				D69F3CD72B686A0F009330A6 /* AppDelegate.swift */,
				D69F3CD92B686A0F009330A6 /* SceneDelegate.swift */,
				D69F3CDB2B686A0F009330A6 /* ViewController.swift */,
				D69F3CDD2B686A0F009330A6 /* Main.storyboard */,
				D69F3CE02B686A11009330A6 /* Assets.xcassets */,
				D69F3CE22B686A11009330A6 /* LaunchScreen.storyboard */,
				D69F3CE52B686A11009330A6 /* Info.plist */,
				D69F3D072B686A4D009330A6 /* CarDemoSceneDelegate.swift */,
			);
			path = CarDemo;
			sourceTree = "<group>";
		};
		D69F3CED2B686A11009330A6 /* CarDemoTests */ = {
			isa = PBXGroup;
			children = (
				D69F3CEE2B686A11009330A6 /* CarDemoTests.swift */,
			);
			path = CarDemoTests;
			sourceTree = "<group>";
		};
		D69F3CF72B686A11009330A6 /* CarDemoUITests */ = {
			isa = PBXGroup;
			children = (
				D69F3CF82B686A11009330A6 /* CarDemoUITests.swift */,
				D69F3CFA2B686A11009330A6 /* CarDemoUITestsLaunchTests.swift */,
			);
			path = CarDemoUITests;
			sourceTree = "<group>";
		};
/* End PBXGroup section */

/* Begin PBXNativeTarget section */
		D69F3CD32B686A0F009330A6 /* CarDemo */ = {
			isa = PBXNativeTarget;
			buildConfigurationList = D69F3CFE2B686A11009330A6 /* Build configuration list for PBXNativeTarget "CarDemo" */;
			buildPhases = (
				D69F3CD02B686A0F009330A6 /* Sources */,
				D69F3CD12B686A0F009330A6 /* Frameworks */,
				D69F3CD22B686A0F009330A6 /* Resources */,
			);
			buildRules = (
			);
			dependencies = (
			);
			name = CarDemo;
			productName = CarDemo;
			productReference = D69F3CD42B686A0F009330A6 /* CarDemo.app */;
			productType = "com.apple.product-type.application";
		};
		D69F3CE92B686A11009330A6 /* CarDemoTests */ = {
			isa = PBXNativeTarget;
			buildConfigurationList = D69F3D012B686A11009330A6 /* Build configuration list for PBXNativeTarget "CarDemoTests" */;
			buildPhases = (
				D69F3CE62B686A11009330A6 /* Sources */,
				D69F3CE72B686A11009330A6 /* Frameworks */,
				D69F3CE82B686A11009330A6 /* Resources */,
			);
			buildRules = (
			);
			dependencies = (
				D69F3CEC2B686A11009330A6 /* PBXTargetDependency */,
			);
			name = CarDemoTests;
			productName = CarDemoTests;
			productReference = D69F3CEA2B686A11009330A6 /* CarDemoTests.xctest */;
			productType = "com.apple.product-type.bundle.unit-test";
		};
		D69F3CF32B686A11009330A6 /* CarDemoUITests */ = {
			isa = PBXNativeTarget;
			buildConfigurationList = D69F3D042B686A11009330A6 /* Build configuration list for PBXNativeTarget "CarDemoUITests" */;
			buildPhases = (
				D69F3CF02B686A11009330A6 /* Sources */,
				D69F3CF12B686A11009330A6 /* Frameworks */,
				D69F3CF22B686A11009330A6 /* Resources */,
			);
			buildRules = (
			);
			dependencies = (
				D69F3CF62B686A11009330A6 /* PBXTargetDependency */,
			);
			name = CarDemoUITests;
			productName = CarDemoUITests;
			productReference = D69F3CF42B686A11009330A6 /* CarDemoUITests.xctest */;
			productType = "com.apple.product-type.bundle.ui-testing";
		};
/* End PBXNativeTarget section */

/* Begin PBXProject section */
		D69F3CCC2B686A0F009330A6 /* Project object */ = {
			isa = PBXProject;
			attributes = {
				BuildIndependentTargetsInParallel = 1;
				LastSwiftUpdateCheck = 1520;
				LastUpgradeCheck = 1520;
				TargetAttributes = {
					D69F3CD32B686A0F009330A6 = {
						CreatedOnToolsVersion = 15.2;
					};
					D69F3CE92B686A11009330A6 = {
						CreatedOnToolsVersion = 15.2;
						TestTargetID = D69F3CD32B686A0F009330A6;
					};
					D69F3CF32B686A11009330A6 = {
						CreatedOnToolsVersion = 15.2;
						TestTargetID = D69F3CD32B686A0F009330A6;
					};
				};
			};
			buildConfigurationList = D69F3CCF2B686A0F009330A6 /* Build configuration list for PBXProject "CarDemo" */;
			compatibilityVersion = "Xcode 14.0";
			developmentRegion = en;
			hasScannedForEncodings = 0;
			knownRegions = (
				en,
				Base,
			);
			mainGroup = D69F3CCB2B686A0F009330A6;
			productRefGroup = D69F3CD52B686A0F009330A6 /* Products */;
			projectDirPath = "";
			projectRoot = "";
			targets = (
				D69F3CD32B686A0F009330A6 /* CarDemo */,
				D69F3CE92B686A11009330A6 /* CarDemoTests */,
				D69F3CF32B686A11009330A6 /* CarDemoUITests */,
			);
		};
/* End PBXProject section */

/* Begin PBXResourcesBuildPhase section */
		D69F3CD22B686A0F009330A6 /* Resources */ = {
			isa = PBXResourcesBuildPhase;
			buildActionMask = 2147483647;
			files = (
				D69F3CE42B686A11009330A6 /* LaunchScreen.storyboard in Resources */,
				D69F3CE12B686A11009330A6 /* Assets.xcassets in Resources */,
				D69F3CDF2B686A0F009330A6 /* Main.storyboard in Resources */,
			);
			runOnlyForDeploymentPostprocessing = 0;
		};
		D69F3CE82B686A11009330A6 /* Resources */ = {
			isa = PBXResourcesBuildPhase;
			buildActionMask = 2147483647;
			files = (
			);
			runOnlyForDeploymentPostprocessing = 0;
		};
		D69F3CF22B686A11009330A6 /* Resources */ = {
			isa = PBXResourcesBuildPhase;
			buildActionMask = 2147483647;
			files = (
			);
			runOnlyForDeploymentPostprocessing = 0;
		};
/* End PBXResourcesBuildPhase section */

/* Begin PBXSourcesBuildPhase section */
		D69F3CD02B686A0F009330A6 /* Sources */ = {
			isa = PBXSourcesBuildPhase;
			buildActionMask = 2147483647;
			files = (
				D69F3CDC2B686A0F009330A6 /* ViewController.swift in Sources */,
				D69F3D082B686A4D009330A6 /* CarDemoSceneDelegate.swift in Sources */,
				D69F3CD82B686A0F009330A6 /* AppDelegate.swift in Sources */,
				D69F3CDA2B686A0F009330A6 /* SceneDelegate.swift in Sources */,
			);
			runOnlyForDeploymentPostprocessing = 0;
		};
		D69F3CE62B686A11009330A6 /* Sources */ = {
			isa = PBXSourcesBuildPhase;
			buildActionMask = 2147483647;
			files = (
				D69F3CEF2B686A11009330A6 /* CarDemoTests.swift in Sources */,
			);
			runOnlyForDeploymentPostprocessing = 0;
		};
		D69F3CF02B686A11009330A6 /* Sources */ = {
			isa = PBXSourcesBuildPhase;
			buildActionMask = 2147483647;
			files = (
				D69F3CFB2B686A11009330A6 /* CarDemoUITestsLaunchTests.swift in Sources */,
				D69F3CF92B686A11009330A6 /* CarDemoUITests.swift in Sources */,
			);
			runOnlyForDeploymentPostprocessing = 0;
		};
/* End PBXSourcesBuildPhase section */

/* Begin PBXTargetDependency section */
		D69F3CEC2B686A11009330A6 /* PBXTargetDependency */ = {
			isa = PBXTargetDependency;
			target = D69F3CD32B686A0F009330A6 /* CarDemo */;
			targetProxy = D69F3CEB2B686A11009330A6 /* PBXContainerItemProxy */;
		};
		D69F3CF62B686A11009330A6 /* PBXTargetDependency */ = {
			isa = PBXTargetDependency;
			target = D69F3CD32B686A0F009330A6 /* CarDemo */;
			targetProxy = D69F3CF52B686A11009330A6 /* PBXContainerItemProxy */;
		};
/* End PBXTargetDependency section */

/* Begin PBXVariantGroup section */
		D69F3CDD2B686A0F009330A6 /* Main.storyboard */ = {
			isa = PBXVariantGroup;
			children = (
				D69F3CDE2B686A0F009330A6 /* Base */,
			);
			name = Main.storyboard;
			sourceTree = "<group>";
		};
		D69F3CE22B686A11009330A6 /* LaunchScreen.storyboard */ = {
			isa = PBXVariantGroup;
			children = (
				D69F3CE32B686A11009330A6 /* Base */,
			);
			name = LaunchScreen.storyboard;
			sourceTree = "<group>";
		};
/* End PBXVariantGroup section */

/* Begin XCBuildConfiguration section */
		D69F3CFC2B686A11009330A6 /* Debug */ = {
			isa = XCBuildConfiguration;
			buildSettings = {
				ALWAYS_SEARCH_USER_PATHS = NO;
				ASSETCATALOG_COMPILER_GENERATE_SWIFT_ASSET_SYMBOL_EXTENSIONS = YES;
				CLANG_ANALYZER_NONNULL = YES;
				CLANG_ANALYZER_NUMBER_OBJECT_CONVERSION = YES_AGGRESSIVE;
				CLANG_CXX_LANGUAGE_STANDARD = "gnu++20";
				CLANG_ENABLE_MODULES = YES;
				CLANG_ENABLE_OBJC_ARC = YES;
				CLANG_ENABLE_OBJC_WEAK = YES;
				CLANG_WARN_BLOCK_CAPTURE_AUTORELEASING = YES;
				CLANG_WARN_BOOL_CONVERSION = YES;
				CLANG_WARN_COMMA = YES;
				CLANG_WARN_CONSTANT_CONVERSION = YES;
				CLANG_WARN_DEPRECATED_OBJC_IMPLEMENTATIONS = YES;
				CLANG_WARN_DIRECT_OBJC_ISA_USAGE = YES_ERROR;
				CLANG_WARN_DOCUMENTATION_COMMENTS = YES;
				CLANG_WARN_EMPTY_BODY = YES;
				CLANG_WARN_ENUM_CONVERSION = YES;
				CLANG_WARN_INFINITE_RECURSION = YES;
				CLANG_WARN_INT_CONVERSION = YES;
				CLANG_WARN_NON_LITERAL_NULL_CONVERSION = YES;
				CLANG_WARN_OBJC_IMPLICIT_RETAIN_SELF = YES;
				CLANG_WARN_OBJC_LITERAL_CONVERSION = YES;
				CLANG_WARN_OBJC_ROOT_CLASS = YES_ERROR;
				CLANG_WARN_QUOTED_INCLUDE_IN_FRAMEWORK_HEADER = YES;
				CLANG_WARN_RANGE_LOOP_ANALYSIS = YES;
				CLANG_WARN_STRICT_PROTOTYPES = YES;
				CLANG_WARN_SUSPICIOUS_MOVE = YES;
				CLANG_WARN_UNGUARDED_AVAILABILITY = YES_AGGRESSIVE;
				CLANG_WARN_UNREACHABLE_CODE = YES;
				CLANG_WARN__DUPLICATE_METHOD_MATCH = YES;
				COPY_PHASE_STRIP = NO;
				DEBUG_INFORMATION_FORMAT = dwarf;
				ENABLE_STRICT_OBJC_MSGSEND = YES;
				ENABLE_TESTABILITY = YES;
				ENABLE_USER_SCRIPT_SANDBOXING = YES;
				GCC_C_LANGUAGE_STANDARD = gnu17;
				GCC_DYNAMIC_NO_PIC = NO;
				GCC_NO_COMMON_BLOCKS = YES;
				GCC_OPTIMIZATION_LEVEL = 0;
				GCC_PREPROCESSOR_DEFINITIONS = (
					"DEBUG=1",
					"$(inherited)",
				);
				GCC_WARN_64_TO_32_BIT_CONVERSION = YES;
				GCC_WARN_ABOUT_RETURN_TYPE = YES_ERROR;
				GCC_WARN_UNDECLARED_SELECTOR = YES;
				GCC_WARN_UNINITIALIZED_AUTOS = YES_AGGRESSIVE;
				GCC_WARN_UNUSED_FUNCTION = YES;
				GCC_WARN_UNUSED_VARIABLE = YES;
				IPHONEOS_DEPLOYMENT_TARGET = 17.2;
				LOCALIZATION_PREFERS_STRING_CATALOGS = YES;
				MTL_ENABLE_DEBUG_INFO = INCLUDE_SOURCE;
				MTL_FAST_MATH = YES;
				ONLY_ACTIVE_ARCH = YES;
				SDKROOT = iphoneos;
				SWIFT_ACTIVE_COMPILATION_CONDITIONS = "DEBUG $(inherited)";
				SWIFT_OPTIMIZATION_LEVEL = "-Onone";
			};
			name = Debug;
		};
		D69F3CFD2B686A11009330A6 /* Release */ = {
			isa = XCBuildConfiguration;
			buildSettings = {
				ALWAYS_SEARCH_USER_PATHS = NO;
				ASSETCATALOG_COMPILER_GENERATE_SWIFT_ASSET_SYMBOL_EXTENSIONS = YES;
				CLANG_ANALYZER_NONNULL = YES;
				CLANG_ANALYZER_NUMBER_OBJECT_CONVERSION = YES_AGGRESSIVE;
				CLANG_CXX_LANGUAGE_STANDARD = "gnu++20";
				CLANG_ENABLE_MODULES = YES;
				CLANG_ENABLE_OBJC_ARC = YES;
				CLANG_ENABLE_OBJC_WEAK = YES;
				CLANG_WARN_BLOCK_CAPTURE_AUTORELEASING = YES;
				CLANG_WARN_BOOL_CONVERSION = YES;
				CLANG_WARN_COMMA = YES;
				CLANG_WARN_CONSTANT_CONVERSION = YES;
				CLANG_WARN_DEPRECATED_OBJC_IMPLEMENTATIONS = YES;
				CLANG_WARN_DIRECT_OBJC_ISA_USAGE = YES_ERROR;
				CLANG_WARN_DOCUMENTATION_COMMENTS = YES;
				CLANG_WARN_EMPTY_BODY = YES;
				CLANG_WARN_ENUM_CONVERSION = YES;
				CLANG_WARN_INFINITE_RECURSION = YES;
				CLANG_WARN_INT_CONVERSION = YES;
				CLANG_WARN_NON_LITERAL_NULL_CONVERSION = YES;
				CLANG_WARN_OBJC_IMPLICIT_RETAIN_SELF = YES;
				CLANG_WARN_OBJC_LITERAL_CONVERSION = YES;
				CLANG_WARN_OBJC_ROOT_CLASS = YES_ERROR;
				CLANG_WARN_QUOTED_INCLUDE_IN_FRAMEWORK_HEADER = YES;
				CLANG_WARN_RANGE_LOOP_ANALYSIS = YES;
				CLANG_WARN_STRICT_PROTOTYPES = YES;
				CLANG_WARN_SUSPICIOUS_MOVE = YES;
				CLANG_WARN_UNGUARDED_AVAILABILITY = YES_AGGRESSIVE;
				CLANG_WARN_UNREACHABLE_CODE = YES;
				CLANG_WARN__DUPLICATE_METHOD_MATCH = YES;
				COPY_PHASE_STRIP = NO;
				DEBUG_INFORMATION_FORMAT = "dwarf-with-dsym";
				ENABLE_NS_ASSERTIONS = NO;
				ENABLE_STRICT_OBJC_MSGSEND = YES;
				ENABLE_USER_SCRIPT_SANDBOXING = YES;
				GCC_C_LANGUAGE_STANDARD = gnu17;
				GCC_NO_COMMON_BLOCKS = YES;
				GCC_WARN_64_TO_32_BIT_CONVERSION = YES;
				GCC_WARN_ABOUT_RETURN_TYPE = YES_ERROR;
				GCC_WARN_UNDECLARED_SELECTOR = YES;
				GCC_WARN_UNINITIALIZED_AUTOS = YES_AGGRESSIVE;
				GCC_WARN_UNUSED_FUNCTION = YES;
				GCC_WARN_UNUSED_VARIABLE = YES;
				IPHONEOS_DEPLOYMENT_TARGET = 17.2;
				LOCALIZATION_PREFERS_STRING_CATALOGS = YES;
				MTL_ENABLE_DEBUG_INFO = NO;
				MTL_FAST_MATH = YES;
				SDKROOT = iphoneos;
				SWIFT_COMPILATION_MODE = wholemodule;
				VALIDATE_PRODUCT = YES;
			};
			name = Release;
		};
		D69F3CFF2B686A11009330A6 /* Debug */ = {
			isa = XCBuildConfiguration;
			buildSettings = {
				ASSETCATALOG_COMPILER_APPICON_NAME = AppIcon;
				ASSETCATALOG_COMPILER_GLOBAL_ACCENT_COLOR_NAME = AccentColor;
				CODE_SIGN_ENTITLEMENTS = CarDemo/CarDemo.entitlements;
				CODE_SIGN_STYLE = Automatic;
				CURRENT_PROJECT_VERSION = 1;
				DEVELOPMENT_TEAM = K6LJCT8RAA;
				GENERATE_INFOPLIST_FILE = YES;
				INFOPLIST_FILE = CarDemo/Info.plist;
				INFOPLIST_KEY_UIApplicationSupportsIndirectInputEvents = YES;
				INFOPLIST_KEY_UILaunchStoryboardName = LaunchScreen;
				INFOPLIST_KEY_UIMainStoryboardFile = Main;
				INFOPLIST_KEY_UISupportedInterfaceOrientations_iPad = "UIInterfaceOrientationPortrait UIInterfaceOrientationPortraitUpsideDown UIInterfaceOrientationLandscapeLeft UIInterfaceOrientationLandscapeRight";
				INFOPLIST_KEY_UISupportedInterfaceOrientations_iPhone = "UIInterfaceOrientationPortrait UIInterfaceOrientationLandscapeLeft UIInterfaceOrientationLandscapeRight";
				LD_RUNPATH_SEARCH_PATHS = (
					"$(inherited)",
					"@executable_path/Frameworks",
				);
				MARKETING_VERSION = 1.0;
				PRODUCT_BUNDLE_IDENTIFIER = com.template.CarDemo;
				PRODUCT_NAME = "$(TARGET_NAME)";
				SWIFT_EMIT_LOC_STRINGS = YES;
				SWIFT_VERSION = 5.0;
				TARGETED_DEVICE_FAMILY = "1,2";
			};
			name = Debug;
		};
		D69F3D002B686A11009330A6 /* Release */ = {
			isa = XCBuildConfiguration;
			buildSettings = {
				ASSETCATALOG_COMPILER_APPICON_NAME = AppIcon;
				ASSETCATALOG_COMPILER_GLOBAL_ACCENT_COLOR_NAME = AccentColor;
				CODE_SIGN_ENTITLEMENTS = CarDemo/CarDemo.entitlements;
				CODE_SIGN_STYLE = Automatic;
				CURRENT_PROJECT_VERSION = 1;
				DEVELOPMENT_TEAM = K6LJCT8RAA;
				GENERATE_INFOPLIST_FILE = YES;
				INFOPLIST_FILE = CarDemo/Info.plist;
				INFOPLIST_KEY_UIApplicationSupportsIndirectInputEvents = YES;
				INFOPLIST_KEY_UILaunchStoryboardName = LaunchScreen;
				INFOPLIST_KEY_UIMainStoryboardFile = Main;
				INFOPLIST_KEY_UISupportedInterfaceOrientations_iPad = "UIInterfaceOrientationPortrait UIInterfaceOrientationPortraitUpsideDown UIInterfaceOrientationLandscapeLeft UIInterfaceOrientationLandscapeRight";
				INFOPLIST_KEY_UISupportedInterfaceOrientations_iPhone = "UIInterfaceOrientationPortrait UIInterfaceOrientationLandscapeLeft UIInterfaceOrientationLandscapeRight";
				LD_RUNPATH_SEARCH_PATHS = (
					"$(inherited)",
					"@executable_path/Frameworks",
				);
				MARKETING_VERSION = 1.0;
				PRODUCT_BUNDLE_IDENTIFIER = com.template.CarDemo;
				PRODUCT_NAME = "$(TARGET_NAME)";
				SWIFT_EMIT_LOC_STRINGS = YES;
				SWIFT_VERSION = 5.0;
				TARGETED_DEVICE_FAMILY = "1,2";
			};
			name = Release;
		};
		D69F3D022B686A11009330A6 /* Debug */ = {
			isa = XCBuildConfiguration;
			buildSettings = {
				ALWAYS_EMBED_SWIFT_STANDARD_LIBRARIES = YES;
				BUNDLE_LOADER = "$(TEST_HOST)";
				CODE_SIGN_STYLE = Automatic;
				CURRENT_PROJECT_VERSION = 1;
				DEVELOPMENT_TEAM = K6LJCT8RAA;
				GENERATE_INFOPLIST_FILE = YES;
				IPHONEOS_DEPLOYMENT_TARGET = 17.2;
				MARKETING_VERSION = 1.0;
				PRODUCT_BUNDLE_IDENTIFIER = com.template.CarDemoTests;
				PRODUCT_NAME = "$(TARGET_NAME)";
				SWIFT_EMIT_LOC_STRINGS = NO;
				SWIFT_VERSION = 5.0;
				TARGETED_DEVICE_FAMILY = "1,2";
				TEST_HOST = "$(BUILT_PRODUCTS_DIR)/CarDemo.app/$(BUNDLE_EXECUTABLE_FOLDER_PATH)/CarDemo";
			};
			name = Debug;
		};
		D69F3D032B686A11009330A6 /* Release */ = {
			isa = XCBuildConfiguration;
			buildSettings = {
				ALWAYS_EMBED_SWIFT_STANDARD_LIBRARIES = YES;
				BUNDLE_LOADER = "$(TEST_HOST)";
				CODE_SIGN_STYLE = Automatic;
				CURRENT_PROJECT_VERSION = 1;
				DEVELOPMENT_TEAM = K6LJCT8RAA;
				GENERATE_INFOPLIST_FILE = YES;
				IPHONEOS_DEPLOYMENT_TARGET = 17.2;
				MARKETING_VERSION = 1.0;
				PRODUCT_BUNDLE_IDENTIFIER = com.template.CarDemoTests;
				PRODUCT_NAME = "$(TARGET_NAME)";
				SWIFT_EMIT_LOC_STRINGS = NO;
				SWIFT_VERSION = 5.0;
				TARGETED_DEVICE_FAMILY = "1,2";
				TEST_HOST = "$(BUILT_PRODUCTS_DIR)/CarDemo.app/$(BUNDLE_EXECUTABLE_FOLDER_PATH)/CarDemo";
			};
			name = Release;
		};
		D69F3D052B686A11009330A6 /* Debug */ = {
			isa = XCBuildConfiguration;
			buildSettings = {
				ALWAYS_EMBED_SWIFT_STANDARD_LIBRARIES = YES;
				CODE_SIGN_STYLE = Automatic;
				CURRENT_PROJECT_VERSION = 1;
				DEVELOPMENT_TEAM = K6LJCT8RAA;
				GENERATE_INFOPLIST_FILE = YES;
				MARKETING_VERSION = 1.0;
				PRODUCT_BUNDLE_IDENTIFIER = com.template.CarDemoUITests;
				PRODUCT_NAME = "$(TARGET_NAME)";
				SWIFT_EMIT_LOC_STRINGS = NO;
				SWIFT_VERSION = 5.0;
				TARGETED_DEVICE_FAMILY = "1,2";
				TEST_TARGET_NAME = CarDemo;
			};
			name = Debug;
		};
		D69F3D062B686A11009330A6 /* Release */ = {
			isa = XCBuildConfiguration;
			buildSettings = {
				ALWAYS_EMBED_SWIFT_STANDARD_LIBRARIES = YES;
				CODE_SIGN_STYLE = Automatic;
				CURRENT_PROJECT_VERSION = 1;
				DEVELOPMENT_TEAM = K6LJCT8RAA;
				GENERATE_INFOPLIST_FILE = YES;
				MARKETING_VERSION = 1.0;
				PRODUCT_BUNDLE_IDENTIFIER = com.template.CarDemoUITests;
				PRODUCT_NAME = "$(TARGET_NAME)";
				SWIFT_EMIT_LOC_STRINGS = NO;
				SWIFT_VERSION = 5.0;
				TARGETED_DEVICE_FAMILY = "1,2";
				TEST_TARGET_NAME = CarDemo;
			};
			name = Release;
		};
/* End XCBuildConfiguration section */

/* Begin XCConfigurationList section */
		D69F3CCF2B686A0F009330A6 /* Build configuration list for PBXProject "CarDemo" */ = {
			isa = XCConfigurationList;
			buildConfigurations = (
				D69F3CFC2B686A11009330A6 /* Debug */,
				D69F3CFD2B686A11009330A6 /* Release */,
			);
			defaultConfigurationIsVisible = 0;
			defaultConfigurationName = Release;
		};
		D69F3CFE2B686A11009330A6 /* Build configuration list for PBXNativeTarget "CarDemo" */ = {
			isa = XCConfigurationList;
			buildConfigurations = (
				D69F3CFF2B686A11009330A6 /* Debug */,
				D69F3D002B686A11009330A6 /* Release */,
			);
			defaultConfigurationIsVisible = 0;
			defaultConfigurationName = Release;
		};
		D69F3D012B686A11009330A6 /* Build configuration list for PBXNativeTarget "CarDemoTests" */ = {
			isa = XCConfigurationList;
			buildConfigurations = (
				D69F3D022B686A11009330A6 /* Debug */,
				D69F3D032B686A11009330A6 /* Release */,
			);
			defaultConfigurationIsVisible = 0;
			defaultConfigurationName = Release;
		};
		D69F3D042B686A11009330A6 /* Build configuration list for PBXNativeTarget "CarDemoUITests" */ = {
			isa = XCConfigurationList;
			buildConfigurations = (
				D69F3D052B686A11009330A6 /* Debug */,
				D69F3D062B686A11009330A6 /* Release */,
			);
			defaultConfigurationIsVisible = 0;
			defaultConfigurationName = Release;
		};
/* End XCConfigurationList section */
	};
	rootObject = D69F3CCC2B686A0F009330A6 /* Project object */;
}
